
Microsoft Visual Studio Solution File, Format Version 12.00
# Visual Studio Version 18
VisualStudioVersion = 18.1.11312.151
MinimumVisualStudioVersion = 10.0.40219.1
Project("{FAE04EC0-301F-11D3-BF4B-00C04F79EFBC}") = "Edge_tts_sharp", "Edge_tts_sharp\Edge_tts_sharp.csproj", "{7C2F7F0D-9123-45AD-A4E6-590468CEFAAB}"
EndProject
Project("{FAE04EC0-301F-11D3-BF4B-00C04F79EFBC}") = "EdgeTtsToMp3", "ConsoleEdgeTTS\EdgeTtsToMp3.csproj", "{09DB4EE7-B27E-4C2F-AC0C-4FC1FB35FC9E}"
EndProject
Global
	GlobalSection(SolutionConfigurationPlatforms) = preSolution
		Debug|Any CPU = Debug|Any CPU
		Release|Any CPU = Release|Any CPU
	EndGlobalSection
	GlobalSection(ProjectConfigurationPlatforms) = postSolution
		{7C2F7F0D-9123-45AD-A4E6-590468CEFAAB}.Debug|Any CPU.ActiveCfg = Debug|Any CPU
		{7C2F7F0D-9123-45AD-A4E6-590468CEFAAB}.Debug|Any CPU.Build.0 = Debug|Any CPU
		{7C2F7F0D-9123-45AD-A4E6-590468CEFAAB}.Release|Any CPU.ActiveCfg = Release|Any CPU
		{7C2F7F0D-9123-45AD-A4E6-590468CEFAAB}.Release|Any CPU.Build.0 = Release|Any CPU
		{09DB4EE7-B27E-4C2F-AC0C-4FC1FB35FC9E}.Debug|Any CPU.ActiveCfg = Debug|Any CPU
		{09DB4EE7-B27E-4C2F-AC0C-4FC1FB35FC9E}.Debug|Any CPU.Build.0 = Debug|Any CPU
		{09DB4EE7-B27E-4C2F-AC0C-4FC1FB35FC9E}.Release|Any CPU.ActiveCfg = Release|Any CPU
		{09DB4EE7-B27E-4C2F-AC0C-4FC1FB35FC9E}.Release|Any CPU.Build.0 = Release|Any CPU
	EndGlobalSection
	GlobalSection(SolutionProperties) = preSolution
		HideSolutionNode = FALSE
	EndGlobalSection
	GlobalSection(ExtensibilityGlobals) = postSolution
		SolutionGuid = {0A5ECD0E-D8F9-4AD8-A6EA-2BE95659EE80}
	EndGlobalSection
EndGlobal
